// !$*UTF8*$!
{
	archiveVersion = 1;
	classes = {
	};
	objectVersion = 52;
	objects = {

/* Begin PBXBuildFile section */
		3521D7EB242977C700FCB101 /* AttendeeModal.swift in Sources */ = {isa = PBXBuildFile; fileRef = 3521D7EA242977C700FCB101 /* AttendeeModal.swift */; };
		3521D809242A730600FCB101 /* AllAttendees.swift in Sources */ = {isa = PBXBuildFile; fileRef = 3521D808242A730600FCB101 /* AllAttendees.swift */; };
		3521D80B242AB35F00FCB101 /* Attendee+Extensions.swift in Sources */ = {isa = PBXBuildFile; fileRef = 3521D80A242AB35F00FCB101 /* Attendee+Extensions.swift */; };
		3521D80D242AB4D700FCB101 /* DataHelper.swift in Sources */ = {isa = PBXBuildFile; fileRef = 3521D80C242AB4D700FCB101 /* DataHelper.swift */; };
		3521D80F242AE59B00FCB101 /* GeometryGetter.swift in Sources */ = {isa = PBXBuildFile; fileRef = 3521D80E242AE59B00FCB101 /* GeometryGetter.swift */; };
		3521D812242B0ACD00FCB101 /* NewAttendee.swift in Sources */ = {isa = PBXBuildFile; fileRef = 3521D811242B0ACD00FCB101 /* NewAttendee.swift */; };
		3526A3792450FFD400DD3E49 /* AppState.swift in Sources */ = {isa = PBXBuildFile; fileRef = 3526A3782450FFD400DD3E49 /* AppState.swift */; };
		3573601924536F7A00BC5C56 /* Image+Extensions.swift in Sources */ = {isa = PBXBuildFile; fileRef = 3573601824536F7A00BC5C56 /* Image+Extensions.swift */; };
		3573601D2453C30A00BC5C56 /* KeyboardAdaptive.swift in Sources */ = {isa = PBXBuildFile; fileRef = 3573601C2453C30A00BC5C56 /* KeyboardAdaptive.swift */; };
		3573601F2453DD1B00BC5C56 /* Button+Extensions.swift in Sources */ = {isa = PBXBuildFile; fileRef = 3573601E2453DD1B00BC5C56 /* Button+Extensions.swift */; };
		3573602A2454A31400BC5C56 /* Event+CoreDataClass.swift in Sources */ = {isa = PBXBuildFile; fileRef = 357360222454A31400BC5C56 /* Event+CoreDataClass.swift */; };
		3573602B2454A31400BC5C56 /* Event+CoreDataProperties.swift in Sources */ = {isa = PBXBuildFile; fileRef = 357360232454A31400BC5C56 /* Event+CoreDataProperties.swift */; };
		3573602C2454A31400BC5C56 /* Attendee+CoreDataClass.swift in Sources */ = {isa = PBXBuildFile; fileRef = 357360242454A31400BC5C56 /* Attendee+CoreDataClass.swift */; };
		3573602D2454A31400BC5C56 /* Attendee+CoreDataProperties.swift in Sources */ = {isa = PBXBuildFile; fileRef = 357360252454A31400BC5C56 /* Attendee+CoreDataProperties.swift */; };
		3573602E2454A31400BC5C56 /* LocalState+CoreDataClass.swift in Sources */ = {isa = PBXBuildFile; fileRef = 357360262454A31400BC5C56 /* LocalState+CoreDataClass.swift */; };
		357360302454A31400BC5C56 /* Program+CoreDataClass.swift in Sources */ = {isa = PBXBuildFile; fileRef = 357360282454A31400BC5C56 /* Program+CoreDataClass.swift */; };
		357360312454A31400BC5C56 /* Program+CoreDataProperties.swift in Sources */ = {isa = PBXBuildFile; fileRef = 357360292454A31400BC5C56 /* Program+CoreDataProperties.swift */; };
		357360332454A46200BC5C56 /* Event+Extensions.swift in Sources */ = {isa = PBXBuildFile; fileRef = 357360322454A46200BC5C56 /* Event+Extensions.swift */; };
		35977A492452695500E90CC8 /* PropertyNames.swift in Sources */ = {isa = PBXBuildFile; fileRef = 35977A482452695500E90CC8 /* PropertyNames.swift */; };
		35977A5024528FD900E90CC8 /* CaptureImageView.swift in Sources */ = {isa = PBXBuildFile; fileRef = 35977A4F24528FD900E90CC8 /* CaptureImageView.swift */; };
		35977A53245290E500E90CC8 /* Coordinator.swift in Sources */ = {isa = PBXBuildFile; fileRef = 35977A52245290E500E90CC8 /* Coordinator.swift */; };
		35977A5524529C2900E90CC8 /* ModalView.swift in Sources */ = {isa = PBXBuildFile; fileRef = 35977A5424529C2900E90CC8 /* ModalView.swift */; };
		35977A572452A31700E90CC8 /* UIImage+Extensions.swift in Sources */ = {isa = PBXBuildFile; fileRef = 35977A562452A31700E90CC8 /* UIImage+Extensions.swift */; };
		35A609B423EB99B80083DA45 /* Attendance.xcdatamodeld in Sources */ = {isa = PBXBuildFile; fileRef = 35A609B223EB99B80083DA45 /* Attendance.xcdatamodeld */; };
		35A609BB23EBA8510083DA45 /* Grid in Frameworks */ = {isa = PBXBuildFile; productRef = 35A609BA23EBA8510083DA45 /* Grid */; };
		35B76F8A2454AB2C00B56E7E /* LocalState+CoreDataProperties.swift in Sources */ = {isa = PBXBuildFile; fileRef = 35B76F892454AB2C00B56E7E /* LocalState+CoreDataProperties.swift */; };
		35BAEE0423EB20210010CD58 /* AppDelegate.swift in Sources */ = {isa = PBXBuildFile; fileRef = 35BAEE0323EB20210010CD58 /* AppDelegate.swift */; };
		35BAEE0623EB20210010CD58 /* SceneDelegate.swift in Sources */ = {isa = PBXBuildFile; fileRef = 35BAEE0523EB20210010CD58 /* SceneDelegate.swift */; };
		35BAEE0B23EB20210010CD58 /* ContentView.swift in Sources */ = {isa = PBXBuildFile; fileRef = 35BAEE0A23EB20210010CD58 /* ContentView.swift */; };
		35BAEE0D23EB20220010CD58 /* Assets.xcassets in Resources */ = {isa = PBXBuildFile; fileRef = 35BAEE0C23EB20220010CD58 /* Assets.xcassets */; };
		35BAEE1023EB20220010CD58 /* Preview Assets.xcassets in Resources */ = {isa = PBXBuildFile; fileRef = 35BAEE0F23EB20220010CD58 /* Preview Assets.xcassets */; };
		35BAEE1323EB20220010CD58 /* LaunchScreen.storyboard in Resources */ = {isa = PBXBuildFile; fileRef = 35BAEE1123EB20220010CD58 /* LaunchScreen.storyboard */; };
		35BAEE1E23EB20220010CD58 /* AttendanceTests.swift in Sources */ = {isa = PBXBuildFile; fileRef = 35BAEE1D23EB20220010CD58 /* AttendanceTests.swift */; };
		35BAEE2923EB20220010CD58 /* AttendanceUITests.swift in Sources */ = {isa = PBXBuildFile; fileRef = 35BAEE2823EB20220010CD58 /* AttendanceUITests.swift */; };
		35BAEE3B23EB30370010CD58 /* AttendeeCard.swift in Sources */ = {isa = PBXBuildFile; fileRef = 35BAEE3A23EB30370010CD58 /* AttendeeCard.swift */; };
		35BAEE4323EB74C30010CD58 /* BlurView.swift in Sources */ = {isa = PBXBuildFile; fileRef = 35BAEE4223EB74C30010CD58 /* BlurView.swift */; };
		35BAEE4B23EB779A0010CD58 /* Home.swift in Sources */ = {isa = PBXBuildFile; fileRef = 35BAEE4A23EB779A0010CD58 /* Home.swift */; };
		35C05A7C244E4DFF0007D90B /* ThemeColorPicker.swift in Sources */ = {isa = PBXBuildFile; fileRef = 35C05A7B244E4DFF0007D90B /* ThemeColorPicker.swift */; };
		35C05A7E244E66910007D90B /* String+Extensions.swift in Sources */ = {isa = PBXBuildFile; fileRef = 35C05A7D244E66910007D90B /* String+Extensions.swift */; };
		35D01E0D242C30E00035B200 /* Program+Extensions.swift in Sources */ = {isa = PBXBuildFile; fileRef = 35D01E0C242C30E00035B200 /* Program+Extensions.swift */; };
		35D7B1A9244F6B9C004D14A0 /* Programs.swift in Sources */ = {isa = PBXBuildFile; fileRef = 35D7B1A8244F6B9C004D14A0 /* Programs.swift */; };
		35D7B1AC2450EECD004D14A0 /* NewProgram.swift in Sources */ = {isa = PBXBuildFile; fileRef = 35D7B1AB2450EECD004D14A0 /* NewProgram.swift */; };
		35D7B1AE2450F32C004D14A0 /* ProgramCard.swift in Sources */ = {isa = PBXBuildFile; fileRef = 35D7B1AD2450F32C004D14A0 /* ProgramCard.swift */; };
/* End PBXBuildFile section */

/* Begin PBXContainerItemProxy section */
		35BAEE1A23EB20220010CD58 /* PBXContainerItemProxy */ = {
			isa = PBXContainerItemProxy;
			containerPortal = 35BAEDF823EB20210010CD58 /* Project object */;
			proxyType = 1;
			remoteGlobalIDString = 35BAEDFF23EB20210010CD58;
			remoteInfo = "YM Signup";
		};
		35BAEE2523EB20220010CD58 /* PBXContainerItemProxy */ = {
			isa = PBXContainerItemProxy;
			containerPortal = 35BAEDF823EB20210010CD58 /* Project object */;
			proxyType = 1;
			remoteGlobalIDString = 35BAEDFF23EB20210010CD58;
			remoteInfo = "YM Signup";
		};
/* End PBXContainerItemProxy section */

/* Begin PBXFileReference section */
		3521D7EA242977C700FCB101 /* AttendeeModal.swift */ = {isa = PBXFileReference; lastKnownFileType = sourcecode.swift; path = AttendeeModal.swift; sourceTree = "<group>"; };
		3521D808242A730600FCB101 /* AllAttendees.swift */ = {isa = PBXFileReference; lastKnownFileType = sourcecode.swift; path = AllAttendees.swift; sourceTree = "<group>"; };
		3521D80A242AB35F00FCB101 /* Attendee+Extensions.swift */ = {isa = PBXFileReference; lastKnownFileType = sourcecode.swift; path = "Attendee+Extensions.swift"; sourceTree = "<group>"; };
		3521D80C242AB4D700FCB101 /* DataHelper.swift */ = {isa = PBXFileReference; lastKnownFileType = sourcecode.swift; path = DataHelper.swift; sourceTree = "<group>"; };
		3521D80E242AE59B00FCB101 /* GeometryGetter.swift */ = {isa = PBXFileReference; lastKnownFileType = sourcecode.swift; path = GeometryGetter.swift; sourceTree = "<group>"; };
		3521D811242B0ACD00FCB101 /* NewAttendee.swift */ = {isa = PBXFileReference; lastKnownFileType = sourcecode.swift; path = NewAttendee.swift; sourceTree = "<group>"; };
		3526A3782450FFD400DD3E49 /* AppState.swift */ = {isa = PBXFileReference; lastKnownFileType = sourcecode.swift; path = AppState.swift; sourceTree = "<group>"; };
		3573601824536F7A00BC5C56 /* Image+Extensions.swift */ = {isa = PBXFileReference; lastKnownFileType = sourcecode.swift; path = "Image+Extensions.swift"; sourceTree = "<group>"; };
		3573601C2453C30A00BC5C56 /* KeyboardAdaptive.swift */ = {isa = PBXFileReference; lastKnownFileType = sourcecode.swift; path = KeyboardAdaptive.swift; sourceTree = "<group>"; };
		3573601E2453DD1B00BC5C56 /* Button+Extensions.swift */ = {isa = PBXFileReference; lastKnownFileType = sourcecode.swift; path = "Button+Extensions.swift"; sourceTree = "<group>"; };
		357360222454A31400BC5C56 /* Event+CoreDataClass.swift */ = {isa = PBXFileReference; lastKnownFileType = sourcecode.swift; path = "Event+CoreDataClass.swift"; sourceTree = "<group>"; };
		357360232454A31400BC5C56 /* Event+CoreDataProperties.swift */ = {isa = PBXFileReference; lastKnownFileType = sourcecode.swift; path = "Event+CoreDataProperties.swift"; sourceTree = "<group>"; };
		357360242454A31400BC5C56 /* Attendee+CoreDataClass.swift */ = {isa = PBXFileReference; lastKnownFileType = sourcecode.swift; name = "Attendee+CoreDataClass.swift"; path = "../Attendee+CoreDataClass.swift"; sourceTree = "<group>"; };
		357360252454A31400BC5C56 /* Attendee+CoreDataProperties.swift */ = {isa = PBXFileReference; lastKnownFileType = sourcecode.swift; name = "Attendee+CoreDataProperties.swift"; path = "../Attendee+CoreDataProperties.swift"; sourceTree = "<group>"; };
		357360262454A31400BC5C56 /* LocalState+CoreDataClass.swift */ = {isa = PBXFileReference; lastKnownFileType = sourcecode.swift; path = "LocalState+CoreDataClass.swift"; sourceTree = "<group>"; };
		357360282454A31400BC5C56 /* Program+CoreDataClass.swift */ = {isa = PBXFileReference; lastKnownFileType = sourcecode.swift; name = "Program+CoreDataClass.swift"; path = "../Program+CoreDataClass.swift"; sourceTree = "<group>"; };
		357360292454A31400BC5C56 /* Program+CoreDataProperties.swift */ = {isa = PBXFileReference; lastKnownFileType = sourcecode.swift; name = "Program+CoreDataProperties.swift"; path = "../Program+CoreDataProperties.swift"; sourceTree = "<group>"; };
		357360322454A46200BC5C56 /* Event+Extensions.swift */ = {isa = PBXFileReference; lastKnownFileType = sourcecode.swift; path = "Event+Extensions.swift"; sourceTree = "<group>"; };
		35977A482452695500E90CC8 /* PropertyNames.swift */ = {isa = PBXFileReference; lastKnownFileType = sourcecode.swift; path = PropertyNames.swift; sourceTree = "<group>"; };
		35977A4F24528FD900E90CC8 /* CaptureImageView.swift */ = {isa = PBXFileReference; lastKnownFileType = sourcecode.swift; path = CaptureImageView.swift; sourceTree = "<group>"; };
		35977A52245290E500E90CC8 /* Coordinator.swift */ = {isa = PBXFileReference; lastKnownFileType = sourcecode.swift; path = Coordinator.swift; sourceTree = "<group>"; };
		35977A5424529C2900E90CC8 /* ModalView.swift */ = {isa = PBXFileReference; lastKnownFileType = sourcecode.swift; path = ModalView.swift; sourceTree = "<group>"; };
		35977A562452A31700E90CC8 /* UIImage+Extensions.swift */ = {isa = PBXFileReference; lastKnownFileType = sourcecode.swift; path = "UIImage+Extensions.swift"; sourceTree = "<group>"; };
		35A609B323EB99B80083DA45 /* Database.xcdatamodel */ = {isa = PBXFileReference; lastKnownFileType = wrapper.xcdatamodel; path = Database.xcdatamodel; sourceTree = "<group>"; };
		35B76F892454AB2C00B56E7E /* LocalState+CoreDataProperties.swift */ = {isa = PBXFileReference; lastKnownFileType = sourcecode.swift; path = "LocalState+CoreDataProperties.swift"; sourceTree = "<group>"; };
		35BAEE0023EB20210010CD58 /* Attendance.app */ = {isa = PBXFileReference; explicitFileType = wrapper.application; includeInIndex = 0; path = Attendance.app; sourceTree = BUILT_PRODUCTS_DIR; };
		35BAEE0323EB20210010CD58 /* AppDelegate.swift */ = {isa = PBXFileReference; lastKnownFileType = sourcecode.swift; path = AppDelegate.swift; sourceTree = "<group>"; };
		35BAEE0523EB20210010CD58 /* SceneDelegate.swift */ = {isa = PBXFileReference; lastKnownFileType = sourcecode.swift; path = SceneDelegate.swift; sourceTree = "<group>"; };
		35BAEE0A23EB20210010CD58 /* ContentView.swift */ = {isa = PBXFileReference; lastKnownFileType = sourcecode.swift; path = ContentView.swift; sourceTree = "<group>"; };
		35BAEE0C23EB20220010CD58 /* Assets.xcassets */ = {isa = PBXFileReference; lastKnownFileType = folder.assetcatalog; path = Assets.xcassets; sourceTree = "<group>"; };
		35BAEE0F23EB20220010CD58 /* Preview Assets.xcassets */ = {isa = PBXFileReference; lastKnownFileType = folder.assetcatalog; path = "Preview Assets.xcassets"; sourceTree = "<group>"; };
		35BAEE1223EB20220010CD58 /* Base */ = {isa = PBXFileReference; lastKnownFileType = file.storyboard; name = Base; path = Base.lproj/LaunchScreen.storyboard; sourceTree = "<group>"; };
		35BAEE1423EB20220010CD58 /* Info.plist */ = {isa = PBXFileReference; lastKnownFileType = text.plist.xml; path = Info.plist; sourceTree = "<group>"; };
		35BAEE1923EB20220010CD58 /* AttendanceTests.xctest */ = {isa = PBXFileReference; explicitFileType = wrapper.cfbundle; includeInIndex = 0; path = AttendanceTests.xctest; sourceTree = BUILT_PRODUCTS_DIR; };
		35BAEE1D23EB20220010CD58 /* AttendanceTests.swift */ = {isa = PBXFileReference; lastKnownFileType = sourcecode.swift; path = AttendanceTests.swift; sourceTree = "<group>"; };
		35BAEE1F23EB20220010CD58 /* Info.plist */ = {isa = PBXFileReference; lastKnownFileType = text.plist.xml; path = Info.plist; sourceTree = "<group>"; };
		35BAEE2423EB20220010CD58 /* AttendanceUITests.xctest */ = {isa = PBXFileReference; explicitFileType = wrapper.cfbundle; includeInIndex = 0; path = AttendanceUITests.xctest; sourceTree = BUILT_PRODUCTS_DIR; };
		35BAEE2823EB20220010CD58 /* AttendanceUITests.swift */ = {isa = PBXFileReference; lastKnownFileType = sourcecode.swift; path = AttendanceUITests.swift; sourceTree = "<group>"; };
		35BAEE2A23EB20220010CD58 /* Info.plist */ = {isa = PBXFileReference; lastKnownFileType = text.plist.xml; path = Info.plist; sourceTree = "<group>"; };
		35BAEE3623EB21710010CD58 /* Attendance.entitlements */ = {isa = PBXFileReference; lastKnownFileType = text.plist.entitlements; path = Attendance.entitlements; sourceTree = "<group>"; };
		35BAEE3A23EB30370010CD58 /* AttendeeCard.swift */ = {isa = PBXFileReference; lastKnownFileType = sourcecode.swift; path = AttendeeCard.swift; sourceTree = "<group>"; };
		35BAEE4223EB74C30010CD58 /* BlurView.swift */ = {isa = PBXFileReference; lastKnownFileType = sourcecode.swift; path = BlurView.swift; sourceTree = "<group>"; };
		35BAEE4A23EB779A0010CD58 /* Home.swift */ = {isa = PBXFileReference; lastKnownFileType = sourcecode.swift; path = Home.swift; sourceTree = "<group>"; };
		35C05A7B244E4DFF0007D90B /* ThemeColorPicker.swift */ = {isa = PBXFileReference; lastKnownFileType = sourcecode.swift; path = ThemeColorPicker.swift; sourceTree = "<group>"; };
		35C05A7D244E66910007D90B /* String+Extensions.swift */ = {isa = PBXFileReference; lastKnownFileType = sourcecode.swift; path = "String+Extensions.swift"; sourceTree = "<group>"; };
		35D01E0C242C30E00035B200 /* Program+Extensions.swift */ = {isa = PBXFileReference; lastKnownFileType = sourcecode.swift; path = "Program+Extensions.swift"; sourceTree = "<group>"; };
		35D7B1A8244F6B9C004D14A0 /* Programs.swift */ = {isa = PBXFileReference; lastKnownFileType = sourcecode.swift; path = Programs.swift; sourceTree = "<group>"; };
		35D7B1AB2450EECD004D14A0 /* NewProgram.swift */ = {isa = PBXFileReference; lastKnownFileType = sourcecode.swift; path = NewProgram.swift; sourceTree = "<group>"; };
		35D7B1AD2450F32C004D14A0 /* ProgramCard.swift */ = {isa = PBXFileReference; lastKnownFileType = sourcecode.swift; path = ProgramCard.swift; sourceTree = "<group>"; };
/* End PBXFileReference section */

/* Begin PBXFrameworksBuildPhase section */
		35BAEDFD23EB20210010CD58 /* Frameworks */ = {
			isa = PBXFrameworksBuildPhase;
			buildActionMask = 2147483647;
			files = (
				35A609BB23EBA8510083DA45 /* Grid in Frameworks */,
			);
			runOnlyForDeploymentPostprocessing = 0;
		};
		35BAEE1623EB20220010CD58 /* Frameworks */ = {
			isa = PBXFrameworksBuildPhase;
			buildActionMask = 2147483647;
			files = (
			);
			runOnlyForDeploymentPostprocessing = 0;
		};
		35BAEE2123EB20220010CD58 /* Frameworks */ = {
			isa = PBXFrameworksBuildPhase;
			buildActionMask = 2147483647;
			files = (
			);
			runOnlyForDeploymentPostprocessing = 0;
		};
/* End PBXFrameworksBuildPhase section */

/* Begin PBXGroup section */
		3526A37C24521AB900DD3E49 /* Attendee */ = {
			isa = PBXGroup;
			children = (
				35BAEE3A23EB30370010CD58 /* AttendeeCard.swift */,
				3521D7EA242977C700FCB101 /* AttendeeModal.swift */,
				3521D811242B0ACD00FCB101 /* NewAttendee.swift */,
			);
			path = Attendee;
			sourceTree = "<group>";
		};
		3526A37D24521ACE00DD3E49 /* Forms */ = {
			isa = PBXGroup;
			children = (
				35C05A7B244E4DFF0007D90B /* ThemeColorPicker.swift */,
			);
			path = Forms;
			sourceTree = "<group>";
		};
		3526A37E24521AD900DD3E49 /* Utils */ = {
			isa = PBXGroup;
			children = (
				35BAEE4223EB74C30010CD58 /* BlurView.swift */,
				3521D80E242AE59B00FCB101 /* GeometryGetter.swift */,
				35977A482452695500E90CC8 /* PropertyNames.swift */,
				35977A5424529C2900E90CC8 /* ModalView.swift */,
			);
			path = Utils;
			sourceTree = "<group>";
		};
		35977A51245290CC00E90CC8 /* CameraPicker */ = {
			isa = PBXGroup;
			children = (
				35977A4F24528FD900E90CC8 /* CaptureImageView.swift */,
				35977A52245290E500E90CC8 /* Coordinator.swift */,
			);
			path = CameraPicker;
			sourceTree = "<group>";
		};
		35A609B523EB99C20083DA45 /* CoreData */ = {
			isa = PBXGroup;
			children = (
				35A609B223EB99B80083DA45 /* Attendance.xcdatamodeld */,
				3521D80C242AB4D700FCB101 /* DataHelper.swift */,
			);
			path = CoreData;
			sourceTree = "<group>";
		};
		35BAEDF723EB20210010CD58 = {
			isa = PBXGroup;
			children = (
				35BAEE0223EB20210010CD58 /* Attendance */,
				35BAEE1C23EB20220010CD58 /* AttendanceTests */,
				35BAEE2723EB20220010CD58 /* AttendanceUITests */,
				35BAEE0123EB20210010CD58 /* Products */,
			);
			sourceTree = "<group>";
		};
		35BAEE0123EB20210010CD58 /* Products */ = {
			isa = PBXGroup;
			children = (
				35BAEE0023EB20210010CD58 /* Attendance.app */,
				35BAEE1923EB20220010CD58 /* AttendanceTests.xctest */,
				35BAEE2423EB20220010CD58 /* AttendanceUITests.xctest */,
			);
			name = Products;
			sourceTree = "<group>";
		};
		35BAEE0223EB20210010CD58 /* Attendance */ = {
			isa = PBXGroup;
			children = (
				35BAEE0323EB20210010CD58 /* AppDelegate.swift */,
				3526A3782450FFD400DD3E49 /* AppState.swift */,
				35BAEE0C23EB20220010CD58 /* Assets.xcassets */,
				35BAEE3623EB21710010CD58 /* Attendance.entitlements */,
				357360242454A31400BC5C56 /* Attendee+CoreDataClass.swift */,
				357360252454A31400BC5C56 /* Attendee+CoreDataProperties.swift */,
				3521D80A242AB35F00FCB101 /* Attendee+Extensions.swift */,
				3573601E2453DD1B00BC5C56 /* Button+Extensions.swift */,
				35BAEE3723EB2F120010CD58 /* Components */,
				35BAEE0A23EB20210010CD58 /* ContentView.swift */,
				35A609B523EB99C20083DA45 /* CoreData */,
				357360222454A31400BC5C56 /* Event+CoreDataClass.swift */,
				357360232454A31400BC5C56 /* Event+CoreDataProperties.swift */,
				357360322454A46200BC5C56 /* Event+Extensions.swift */,
				3573601824536F7A00BC5C56 /* Image+Extensions.swift */,
				35BAEE1423EB20220010CD58 /* Info.plist */,
				3573601C2453C30A00BC5C56 /* KeyboardAdaptive.swift */,
				35BAEE1123EB20220010CD58 /* LaunchScreen.storyboard */,
				357360262454A31400BC5C56 /* LocalState+CoreDataClass.swift */,
				35B76F892454AB2C00B56E7E /* LocalState+CoreDataProperties.swift */,
				35BAEE0E23EB20220010CD58 /* Preview Content */,
				357360282454A31400BC5C56 /* Program+CoreDataClass.swift */,
				357360292454A31400BC5C56 /* Program+CoreDataProperties.swift */,
				35D01E0C242C30E00035B200 /* Program+Extensions.swift */,
				35BAEE0523EB20210010CD58 /* SceneDelegate.swift */,
				35C05A7D244E66910007D90B /* String+Extensions.swift */,
				35977A562452A31700E90CC8 /* UIImage+Extensions.swift */,
				35BAEE4923EB778E0010CD58 /* Views */,
			);
			path = Attendance;
			sourceTree = "<group>";
		};
		35BAEE0E23EB20220010CD58 /* Preview Content */ = {
			isa = PBXGroup;
			children = (
				35BAEE0F23EB20220010CD58 /* Preview Assets.xcassets */,
			);
			path = "Preview Content";
			sourceTree = "<group>";
		};
		35BAEE1C23EB20220010CD58 /* AttendanceTests */ = {
			isa = PBXGroup;
			children = (
				35BAEE1D23EB20220010CD58 /* AttendanceTests.swift */,
				35BAEE1F23EB20220010CD58 /* Info.plist */,
			);
			path = AttendanceTests;
			sourceTree = "<group>";
		};
		35BAEE2723EB20220010CD58 /* AttendanceUITests */ = {
			isa = PBXGroup;
			children = (
				35BAEE2823EB20220010CD58 /* AttendanceUITests.swift */,
				35BAEE2A23EB20220010CD58 /* Info.plist */,
			);
			path = AttendanceUITests;
			sourceTree = "<group>";
		};
		35BAEE3723EB2F120010CD58 /* Components */ = {
			isa = PBXGroup;
			children = (
				3526A37C24521AB900DD3E49 /* Attendee */,
				35977A51245290CC00E90CC8 /* CameraPicker */,
				3526A37D24521ACE00DD3E49 /* Forms */,
				35D7B1AA2450EEC1004D14A0 /* Programs */,
				3526A37E24521AD900DD3E49 /* Utils */,
			);
			path = Components;
			sourceTree = "<group>";
		};
		35BAEE4923EB778E0010CD58 /* Views */ = {
			isa = PBXGroup;
			children = (
				35BAEE4A23EB779A0010CD58 /* Home.swift */,
				3521D808242A730600FCB101 /* AllAttendees.swift */,
				35D7B1A8244F6B9C004D14A0 /* Programs.swift */,
			);
			path = Views;
			sourceTree = "<group>";
		};
		35D7B1AA2450EEC1004D14A0 /* Programs */ = {
			isa = PBXGroup;
			children = (
				35D7B1AB2450EECD004D14A0 /* NewProgram.swift */,
				35D7B1AD2450F32C004D14A0 /* ProgramCard.swift */,
			);
			path = Programs;
			sourceTree = "<group>";
		};
/* End PBXGroup section */

/* Begin PBXNativeTarget section */
		35BAEDFF23EB20210010CD58 /* Attendance */ = {
			isa = PBXNativeTarget;
			buildConfigurationList = 35BAEE2D23EB20220010CD58 /* Build configuration list for PBXNativeTarget "Attendance" */;
			buildPhases = (
				35BAEDFC23EB20210010CD58 /* Sources */,
				35BAEDFD23EB20210010CD58 /* Frameworks */,
				35BAEDFE23EB20210010CD58 /* Resources */,
			);
			buildRules = (
			);
			dependencies = (
			);
			name = Attendance;
			packageProductDependencies = (
				35A609BA23EBA8510083DA45 /* Grid */,
			);
			productName = "YM Signup";
			productReference = 35BAEE0023EB20210010CD58 /* Attendance.app */;
			productType = "com.apple.product-type.application";
		};
		35BAEE1823EB20220010CD58 /* AttendanceTests */ = {
			isa = PBXNativeTarget;
			buildConfigurationList = 35BAEE3023EB20220010CD58 /* Build configuration list for PBXNativeTarget "AttendanceTests" */;
			buildPhases = (
				35BAEE1523EB20220010CD58 /* Sources */,
				35BAEE1623EB20220010CD58 /* Frameworks */,
				35BAEE1723EB20220010CD58 /* Resources */,
			);
			buildRules = (
			);
			dependencies = (
				35BAEE1B23EB20220010CD58 /* PBXTargetDependency */,
			);
			name = AttendanceTests;
			productName = "YM SignupTests";
			productReference = 35BAEE1923EB20220010CD58 /* AttendanceTests.xctest */;
			productType = "com.apple.product-type.bundle.unit-test";
		};
		35BAEE2323EB20220010CD58 /* AttendanceUITests */ = {
			isa = PBXNativeTarget;
			buildConfigurationList = 35BAEE3323EB20220010CD58 /* Build configuration list for PBXNativeTarget "AttendanceUITests" */;
			buildPhases = (
				35BAEE2023EB20220010CD58 /* Sources */,
				35BAEE2123EB20220010CD58 /* Frameworks */,
				35BAEE2223EB20220010CD58 /* Resources */,
			);
			buildRules = (
			);
			dependencies = (
				35BAEE2623EB20220010CD58 /* PBXTargetDependency */,
			);
			name = AttendanceUITests;
			productName = "YM SignupUITests";
			productReference = 35BAEE2423EB20220010CD58 /* AttendanceUITests.xctest */;
			productType = "com.apple.product-type.bundle.ui-testing";
		};
/* End PBXNativeTarget section */

/* Begin PBXProject section */
		35BAEDF823EB20210010CD58 /* Project object */ = {
			isa = PBXProject;
			attributes = {
				LastSwiftUpdateCheck = 1130;
				LastUpgradeCheck = 1130;
				ORGANIZATIONNAME = "Evan Hennessy";
				TargetAttributes = {
					35BAEDFF23EB20210010CD58 = {
						CreatedOnToolsVersion = 11.3.1;
					};
					35BAEE1823EB20220010CD58 = {
						CreatedOnToolsVersion = 11.3.1;
						TestTargetID = 35BAEDFF23EB20210010CD58;
					};
					35BAEE2323EB20220010CD58 = {
						CreatedOnToolsVersion = 11.3.1;
						TestTargetID = 35BAEDFF23EB20210010CD58;
					};
				};
			};
			buildConfigurationList = 35BAEDFB23EB20210010CD58 /* Build configuration list for PBXProject "Attendance" */;
			compatibilityVersion = "Xcode 9.3";
			developmentRegion = en;
			hasScannedForEncodings = 0;
			knownRegions = (
				en,
				Base,
			);
			mainGroup = 35BAEDF723EB20210010CD58;
			packageReferences = (
				35A609B923EBA8510083DA45 /* XCRemoteSwiftPackageReference "swiftui-grid" */,
			);
			productRefGroup = 35BAEE0123EB20210010CD58 /* Products */;
			projectDirPath = "";
			projectRoot = "";
			targets = (
				35BAEDFF23EB20210010CD58 /* Attendance */,
				35BAEE1823EB20220010CD58 /* AttendanceTests */,
				35BAEE2323EB20220010CD58 /* AttendanceUITests */,
			);
		};
/* End PBXProject section */

/* Begin PBXResourcesBuildPhase section */
		35BAEDFE23EB20210010CD58 /* Resources */ = {
			isa = PBXResourcesBuildPhase;
			buildActionMask = 2147483647;
			files = (
				35BAEE1323EB20220010CD58 /* LaunchScreen.storyboard in Resources */,
				35BAEE1023EB20220010CD58 /* Preview Assets.xcassets in Resources */,
				35BAEE0D23EB20220010CD58 /* Assets.xcassets in Resources */,
			);
			runOnlyForDeploymentPostprocessing = 0;
		};
		35BAEE1723EB20220010CD58 /* Resources */ = {
			isa = PBXResourcesBuildPhase;
			buildActionMask = 2147483647;
			files = (
			);
			runOnlyForDeploymentPostprocessing = 0;
		};
		35BAEE2223EB20220010CD58 /* Resources */ = {
			isa = PBXResourcesBuildPhase;
			buildActionMask = 2147483647;
			files = (
			);
			runOnlyForDeploymentPostprocessing = 0;
		};
/* End PBXResourcesBuildPhase section */

/* Begin PBXSourcesBuildPhase section */
		35BAEDFC23EB20210010CD58 /* Sources */ = {
			isa = PBXSourcesBuildPhase;
			buildActionMask = 2147483647;
			files = (
				35D7B1AC2450EECD004D14A0 /* NewProgram.swift in Sources */,
				3521D7EB242977C700FCB101 /* AttendeeModal.swift in Sources */,
				35C05A7E244E66910007D90B /* String+Extensions.swift in Sources */,
				3573602D2454A31400BC5C56 /* Attendee+CoreDataProperties.swift in Sources */,
				357360312454A31400BC5C56 /* Program+CoreDataProperties.swift in Sources */,
				3526A3792450FFD400DD3E49 /* AppState.swift in Sources */,
				35C05A7C244E4DFF0007D90B /* ThemeColorPicker.swift in Sources */,
				35977A5024528FD900E90CC8 /* CaptureImageView.swift in Sources */,
				3573602C2454A31400BC5C56 /* Attendee+CoreDataClass.swift in Sources */,
				35BAEE0423EB20210010CD58 /* AppDelegate.swift in Sources */,
				35977A492452695500E90CC8 /* PropertyNames.swift in Sources */,
				35977A53245290E500E90CC8 /* Coordinator.swift in Sources */,
				3573601F2453DD1B00BC5C56 /* Button+Extensions.swift in Sources */,
				3521D80F242AE59B00FCB101 /* GeometryGetter.swift in Sources */,
				3521D809242A730600FCB101 /* AllAttendees.swift in Sources */,
				35D7B1A9244F6B9C004D14A0 /* Programs.swift in Sources */,
				35D7B1AE2450F32C004D14A0 /* ProgramCard.swift in Sources */,
				35A609B423EB99B80083DA45 /* Attendance.xcdatamodeld in Sources */,
				35BAEE0623EB20210010CD58 /* SceneDelegate.swift in Sources */,
				3573602B2454A31400BC5C56 /* Event+CoreDataProperties.swift in Sources */,
				35D01E0D242C30E00035B200 /* Program+Extensions.swift in Sources */,
				3573602A2454A31400BC5C56 /* Event+CoreDataClass.swift in Sources */,
				35977A5524529C2900E90CC8 /* ModalView.swift in Sources */,
				3573601924536F7A00BC5C56 /* Image+Extensions.swift in Sources */,
				3521D80B242AB35F00FCB101 /* Attendee+Extensions.swift in Sources */,
				35BAEE0B23EB20210010CD58 /* ContentView.swift in Sources */,
				35B76F8A2454AB2C00B56E7E /* LocalState+CoreDataProperties.swift in Sources */,
				3573601D2453C30A00BC5C56 /* KeyboardAdaptive.swift in Sources */,
				3521D80D242AB4D700FCB101 /* DataHelper.swift in Sources */,
				357360332454A46200BC5C56 /* Event+Extensions.swift in Sources */,
				35BAEE3B23EB30370010CD58 /* AttendeeCard.swift in Sources */,
				35BAEE4323EB74C30010CD58 /* BlurView.swift in Sources */,
				3521D812242B0ACD00FCB101 /* NewAttendee.swift in Sources */,
				35BAEE4B23EB779A0010CD58 /* Home.swift in Sources */,
				3573602E2454A31400BC5C56 /* LocalState+CoreDataClass.swift in Sources */,
				357360302454A31400BC5C56 /* Program+CoreDataClass.swift in Sources */,
				35977A572452A31700E90CC8 /* UIImage+Extensions.swift in Sources */,
			);
			runOnlyForDeploymentPostprocessing = 0;
		};
		35BAEE1523EB20220010CD58 /* Sources */ = {
			isa = PBXSourcesBuildPhase;
			buildActionMask = 2147483647;
			files = (
				35BAEE1E23EB20220010CD58 /* AttendanceTests.swift in Sources */,
			);
			runOnlyForDeploymentPostprocessing = 0;
		};
		35BAEE2023EB20220010CD58 /* Sources */ = {
			isa = PBXSourcesBuildPhase;
			buildActionMask = 2147483647;
			files = (
				35BAEE2923EB20220010CD58 /* AttendanceUITests.swift in Sources */,
			);
			runOnlyForDeploymentPostprocessing = 0;
		};
/* End PBXSourcesBuildPhase section */

/* Begin PBXTargetDependency section */
		35BAEE1B23EB20220010CD58 /* PBXTargetDependency */ = {
			isa = PBXTargetDependency;
			target = 35BAEDFF23EB20210010CD58 /* Attendance */;
			targetProxy = 35BAEE1A23EB20220010CD58 /* PBXContainerItemProxy */;
		};
		35BAEE2623EB20220010CD58 /* PBXTargetDependency */ = {
			isa = PBXTargetDependency;
			target = 35BAEDFF23EB20210010CD58 /* Attendance */;
			targetProxy = 35BAEE2523EB20220010CD58 /* PBXContainerItemProxy */;
		};
/* End PBXTargetDependency section */

/* Begin PBXVariantGroup section */
		35BAEE1123EB20220010CD58 /* LaunchScreen.storyboard */ = {
			isa = PBXVariantGroup;
			children = (
				35BAEE1223EB20220010CD58 /* Base */,
			);
			name = LaunchScreen.storyboard;
			sourceTree = "<group>";
		};
/* End PBXVariantGroup section */

/* Begin XCBuildConfiguration section */
		35BAEE2B23EB20220010CD58 /* Debug */ = {
			isa = XCBuildConfiguration;
			buildSettings = {
				ALWAYS_SEARCH_USER_PATHS = NO;
				CLANG_ANALYZER_NONNULL = YES;
				CLANG_ANALYZER_NUMBER_OBJECT_CONVERSION = YES_AGGRESSIVE;
				CLANG_CXX_LANGUAGE_STANDARD = "gnu++14";
				CLANG_CXX_LIBRARY = "libc++";
				CLANG_ENABLE_MODULES = YES;
				CLANG_ENABLE_OBJC_ARC = YES;
				CLANG_ENABLE_OBJC_WEAK = YES;
				CLANG_WARN_BLOCK_CAPTURE_AUTORELEASING = YES;
				CLANG_WARN_BOOL_CONVERSION = YES;
				CLANG_WARN_COMMA = YES;
				CLANG_WARN_CONSTANT_CONVERSION = YES;
				CLANG_WARN_DEPRECATED_OBJC_IMPLEMENTATIONS = YES;
				CLANG_WARN_DIRECT_OBJC_ISA_USAGE = YES_ERROR;
				CLANG_WARN_DOCUMENTATION_COMMENTS = YES;
				CLANG_WARN_EMPTY_BODY = YES;
				CLANG_WARN_ENUM_CONVERSION = YES;
				CLANG_WARN_INFINITE_RECURSION = YES;
				CLANG_WARN_INT_CONVERSION = YES;
				CLANG_WARN_NON_LITERAL_NULL_CONVERSION = YES;
				CLANG_WARN_OBJC_IMPLICIT_RETAIN_SELF = YES;
				CLANG_WARN_OBJC_LITERAL_CONVERSION = YES;
				CLANG_WARN_OBJC_ROOT_CLASS = YES_ERROR;
				CLANG_WARN_RANGE_LOOP_ANALYSIS = YES;
				CLANG_WARN_STRICT_PROTOTYPES = YES;
				CLANG_WARN_SUSPICIOUS_MOVE = YES;
				CLANG_WARN_UNGUARDED_AVAILABILITY = YES_AGGRESSIVE;
				CLANG_WARN_UNREACHABLE_CODE = YES;
				CLANG_WARN__DUPLICATE_METHOD_MATCH = YES;
				COPY_PHASE_STRIP = NO;
				DEBUG_INFORMATION_FORMAT = dwarf;
				ENABLE_STRICT_OBJC_MSGSEND = YES;
				ENABLE_TESTABILITY = YES;
				GCC_C_LANGUAGE_STANDARD = gnu11;
				GCC_DYNAMIC_NO_PIC = NO;
				GCC_NO_COMMON_BLOCKS = YES;
				GCC_OPTIMIZATION_LEVEL = 0;
				GCC_PREPROCESSOR_DEFINITIONS = (
					"DEBUG=1",
					"$(inherited)",
				);
				GCC_WARN_64_TO_32_BIT_CONVERSION = YES;
				GCC_WARN_ABOUT_RETURN_TYPE = YES_ERROR;
				GCC_WARN_UNDECLARED_SELECTOR = YES;
				GCC_WARN_UNINITIALIZED_AUTOS = YES_AGGRESSIVE;
				GCC_WARN_UNUSED_FUNCTION = YES;
				GCC_WARN_UNUSED_VARIABLE = YES;
				IPHONEOS_DEPLOYMENT_TARGET = 13.2;
				MTL_ENABLE_DEBUG_INFO = INCLUDE_SOURCE;
				MTL_FAST_MATH = YES;
				ONLY_ACTIVE_ARCH = YES;
				SDKROOT = iphoneos;
				SWIFT_ACTIVE_COMPILATION_CONDITIONS = DEBUG;
				SWIFT_OPTIMIZATION_LEVEL = "-Onone";
				TARGETED_DEVICE_FAMILY = 2;
			};
			name = Debug;
		};
		35BAEE2C23EB20220010CD58 /* Release */ = {
			isa = XCBuildConfiguration;
			buildSettings = {
				ALWAYS_SEARCH_USER_PATHS = NO;
				CLANG_ANALYZER_NONNULL = YES;
				CLANG_ANALYZER_NUMBER_OBJECT_CONVERSION = YES_AGGRESSIVE;
				CLANG_CXX_LANGUAGE_STANDARD = "gnu++14";
				CLANG_CXX_LIBRARY = "libc++";
				CLANG_ENABLE_MODULES = YES;
				CLANG_ENABLE_OBJC_ARC = YES;
				CLANG_ENABLE_OBJC_WEAK = YES;
				CLANG_WARN_BLOCK_CAPTURE_AUTORELEASING = YES;
				CLANG_WARN_BOOL_CONVERSION = YES;
				CLANG_WARN_COMMA = YES;
				CLANG_WARN_CONSTANT_CONVERSION = YES;
				CLANG_WARN_DEPRECATED_OBJC_IMPLEMENTATIONS = YES;
				CLANG_WARN_DIRECT_OBJC_ISA_USAGE = YES_ERROR;
				CLANG_WARN_DOCUMENTATION_COMMENTS = YES;
				CLANG_WARN_EMPTY_BODY = YES;
				CLANG_WARN_ENUM_CONVERSION = YES;
				CLANG_WARN_INFINITE_RECURSION = YES;
				CLANG_WARN_INT_CONVERSION = YES;
				CLANG_WARN_NON_LITERAL_NULL_CONVERSION = YES;
				CLANG_WARN_OBJC_IMPLICIT_RETAIN_SELF = YES;
				CLANG_WARN_OBJC_LITERAL_CONVERSION = YES;
				CLANG_WARN_OBJC_ROOT_CLASS = YES_ERROR;
				CLANG_WARN_RANGE_LOOP_ANALYSIS = YES;
				CLANG_WARN_STRICT_PROTOTYPES = YES;
				CLANG_WARN_SUSPICIOUS_MOVE = YES;
				CLANG_WARN_UNGUARDED_AVAILABILITY = YES_AGGRESSIVE;
				CLANG_WARN_UNREACHABLE_CODE = YES;
				CLANG_WARN__DUPLICATE_METHOD_MATCH = YES;
				COPY_PHASE_STRIP = NO;
				DEBUG_INFORMATION_FORMAT = "dwarf-with-dsym";
				ENABLE_NS_ASSERTIONS = NO;
				ENABLE_STRICT_OBJC_MSGSEND = YES;
				GCC_C_LANGUAGE_STANDARD = gnu11;
				GCC_NO_COMMON_BLOCKS = YES;
				GCC_WARN_64_TO_32_BIT_CONVERSION = YES;
				GCC_WARN_ABOUT_RETURN_TYPE = YES_ERROR;
				GCC_WARN_UNDECLARED_SELECTOR = YES;
				GCC_WARN_UNINITIALIZED_AUTOS = YES_AGGRESSIVE;
				GCC_WARN_UNUSED_FUNCTION = YES;
				GCC_WARN_UNUSED_VARIABLE = YES;
				IPHONEOS_DEPLOYMENT_TARGET = 13.2;
				MTL_ENABLE_DEBUG_INFO = NO;
				MTL_FAST_MATH = YES;
				SDKROOT = iphoneos;
				SWIFT_COMPILATION_MODE = wholemodule;
				SWIFT_OPTIMIZATION_LEVEL = "-O";
				TARGETED_DEVICE_FAMILY = 2;
				VALIDATE_PRODUCT = YES;
			};
			name = Release;
		};
		35BAEE2E23EB20220010CD58 /* Debug */ = {
			isa = XCBuildConfiguration;
			buildSettings = {
				ASSETCATALOG_COMPILER_APPICON_NAME = AppIcon;
				CODE_SIGN_ENTITLEMENTS = Attendance/Attendance.entitlements;
				"CODE_SIGN_IDENTITY[sdk=macosx*]" = "Apple Development";
				CODE_SIGN_STYLE = Automatic;
				DERIVE_MACCATALYST_PRODUCT_BUNDLE_IDENTIFIER = YES;
				DEVELOPMENT_ASSET_PATHS = "\"Attendance/Preview Content\"";
				DEVELOPMENT_TEAM = MF3259223Z;
				ENABLE_PREVIEWS = YES;
				INFOPLIST_FILE = Attendance/Info.plist;
				LD_RUNPATH_SEARCH_PATHS = (
					"$(inherited)",
					"@executable_path/Frameworks",
				);
				PRODUCT_BUNDLE_IDENTIFIER = com.hennessyevan.Attendance;
				PRODUCT_NAME = "$(TARGET_NAME)";
				SUPPORTS_MACCATALYST = YES;
				SWIFT_VERSION = 5.0;
				TARGETED_DEVICE_FAMILY = "1,2";
			};
			name = Debug;
		};
		35BAEE2F23EB20220010CD58 /* Release */ = {
			isa = XCBuildConfiguration;
			buildSettings = {
				ASSETCATALOG_COMPILER_APPICON_NAME = AppIcon;
				CODE_SIGN_ENTITLEMENTS = Attendance/Attendance.entitlements;
				"CODE_SIGN_IDENTITY[sdk=macosx*]" = "Apple Development";
				CODE_SIGN_STYLE = Automatic;
				DERIVE_MACCATALYST_PRODUCT_BUNDLE_IDENTIFIER = YES;
				DEVELOPMENT_ASSET_PATHS = "\"Attendance/Preview Content\"";
				DEVELOPMENT_TEAM = MF3259223Z;
				ENABLE_PREVIEWS = YES;
				INFOPLIST_FILE = Attendance/Info.plist;
				LD_RUNPATH_SEARCH_PATHS = (
					"$(inherited)",
					"@executable_path/Frameworks",
				);
				PRODUCT_BUNDLE_IDENTIFIER = com.hennessyevan.Attendance;
				PRODUCT_NAME = "$(TARGET_NAME)";
				SUPPORTS_MACCATALYST = YES;
				SWIFT_VERSION = 5.0;
				TARGETED_DEVICE_FAMILY = "1,2";
			};
			name = Release;
		};
		35BAEE3123EB20220010CD58 /* Debug */ = {
			isa = XCBuildConfiguration;
			buildSettings = {
				ALWAYS_EMBED_SWIFT_STANDARD_LIBRARIES = YES;
				BUNDLE_LOADER = "$(TEST_HOST)";
				CODE_SIGN_STYLE = Automatic;
				DEVELOPMENT_TEAM = MF3259223Z;
				INFOPLIST_FILE = AttendanceTests/Info.plist;
				IPHONEOS_DEPLOYMENT_TARGET = 13.2;
				LD_RUNPATH_SEARCH_PATHS = (
					"$(inherited)",
					"@executable_path/Frameworks",
					"@loader_path/Frameworks",
				);
				PRODUCT_BUNDLE_IDENTIFIER = com.hennessyevan.AttendanceTests;
				PRODUCT_NAME = "$(TARGET_NAME)";
				SWIFT_VERSION = 5.0;
				TARGETED_DEVICE_FAMILY = "1,2";
				TEST_HOST = "$(BUILT_PRODUCTS_DIR)/Attendance.app/Attendance";
			};
			name = Debug;
		};
		35BAEE3223EB20220010CD58 /* Release */ = {
			isa = XCBuildConfiguration;
			buildSettings = {
				ALWAYS_EMBED_SWIFT_STANDARD_LIBRARIES = YES;
				BUNDLE_LOADER = "$(TEST_HOST)";
				CODE_SIGN_STYLE = Automatic;
				DEVELOPMENT_TEAM = MF3259223Z;
				INFOPLIST_FILE = AttendanceTests/Info.plist;
				IPHONEOS_DEPLOYMENT_TARGET = 13.2;
				LD_RUNPATH_SEARCH_PATHS = (
					"$(inherited)",
					"@executable_path/Frameworks",
					"@loader_path/Frameworks",
				);
				PRODUCT_BUNDLE_IDENTIFIER = com.hennessyevan.AttendanceTests;
				PRODUCT_NAME = "$(TARGET_NAME)";
				SWIFT_VERSION = 5.0;
				TARGETED_DEVICE_FAMILY = "1,2";
				TEST_HOST = "$(BUILT_PRODUCTS_DIR)/Attendance.app/Attendance";
			};
			name = Release;
		};
		35BAEE3423EB20220010CD58 /* Debug */ = {
			isa = XCBuildConfiguration;
			buildSettings = {
				ALWAYS_EMBED_SWIFT_STANDARD_LIBRARIES = YES;
				CODE_SIGN_STYLE = Automatic;
				DEVELOPMENT_TEAM = MF3259223Z;
				INFOPLIST_FILE = AttendanceUITests/Info.plist;
				LD_RUNPATH_SEARCH_PATHS = (
					"$(inherited)",
					"@executable_path/Frameworks",
					"@loader_path/Frameworks",
				);
				PRODUCT_BUNDLE_IDENTIFIER = com.hennessyevan.AttendanceUITests;
				PRODUCT_NAME = "$(TARGET_NAME)";
				SWIFT_VERSION = 5.0;
				TARGETED_DEVICE_FAMILY = "1,2";
				TEST_TARGET_NAME = Attendance;
			};
			name = Debug;
		};
		35BAEE3523EB20220010CD58 /* Release */ = {
			isa = XCBuildConfiguration;
			buildSettings = {
				ALWAYS_EMBED_SWIFT_STANDARD_LIBRARIES = YES;
				CODE_SIGN_STYLE = Automatic;
				DEVELOPMENT_TEAM = MF3259223Z;
				INFOPLIST_FILE = AttendanceUITests/Info.plist;
				LD_RUNPATH_SEARCH_PATHS = (
					"$(inherited)",
					"@executable_path/Frameworks",
					"@loader_path/Frameworks",
				);
				PRODUCT_BUNDLE_IDENTIFIER = com.hennessyevan.AttendanceUITests;
				PRODUCT_NAME = "$(TARGET_NAME)";
				SWIFT_VERSION = 5.0;
				TARGETED_DEVICE_FAMILY = "1,2";
				TEST_TARGET_NAME = Attendance;
			};
			name = Release;
		};
/* End XCBuildConfiguration section */

/* Begin XCConfigurationList section */
		35BAEDFB23EB20210010CD58 /* Build configuration list for PBXProject "Attendance" */ = {
			isa = XCConfigurationList;
			buildConfigurations = (
				35BAEE2B23EB20220010CD58 /* Debug */,
				35BAEE2C23EB20220010CD58 /* Release */,
			);
			defaultConfigurationIsVisible = 0;
			defaultConfigurationName = Release;
		};
		35BAEE2D23EB20220010CD58 /* Build configuration list for PBXNativeTarget "Attendance" */ = {
			isa = XCConfigurationList;
			buildConfigurations = (
				35BAEE2E23EB20220010CD58 /* Debug */,
				35BAEE2F23EB20220010CD58 /* Release */,
			);
			defaultConfigurationIsVisible = 0;
			defaultConfigurationName = Release;
		};
		35BAEE3023EB20220010CD58 /* Build configuration list for PBXNativeTarget "AttendanceTests" */ = {
			isa = XCConfigurationList;
			buildConfigurations = (
				35BAEE3123EB20220010CD58 /* Debug */,
				35BAEE3223EB20220010CD58 /* Release */,
			);
			defaultConfigurationIsVisible = 0;
			defaultConfigurationName = Release;
		};
		35BAEE3323EB20220010CD58 /* Build configuration list for PBXNativeTarget "AttendanceUITests" */ = {
			isa = XCConfigurationList;
			buildConfigurations = (
				35BAEE3423EB20220010CD58 /* Debug */,
				35BAEE3523EB20220010CD58 /* Release */,
			);
			defaultConfigurationIsVisible = 0;
			defaultConfigurationName = Release;
		};
/* End XCConfigurationList section */

/* Begin XCRemoteSwiftPackageReference section */
		35A609B923EBA8510083DA45 /* XCRemoteSwiftPackageReference "swiftui-grid" */ = {
			isa = XCRemoteSwiftPackageReference;
			repositoryURL = "https://github.com/spacenation/swiftui-grid";
			requirement = {
				kind = upToNextMajorVersion;
				minimumVersion = 0.9.3;
			};
		};
/* End XCRemoteSwiftPackageReference section */

/* Begin XCSwiftPackageProductDependency section */
		35A609BA23EBA8510083DA45 /* Grid */ = {
			isa = XCSwiftPackageProductDependency;
			package = 35A609B923EBA8510083DA45 /* XCRemoteSwiftPackageReference "swiftui-grid" */;
			productName = Grid;
		};
/* End XCSwiftPackageProductDependency section */

/* Begin XCVersionGroup section */
		35A609B223EB99B80083DA45 /* Attendance.xcdatamodeld */ = {
			isa = XCVersionGroup;
			children = (
				35A609B323EB99B80083DA45 /* Database.xcdatamodel */,
			);
			currentVersion = 35A609B323EB99B80083DA45 /* Database.xcdatamodel */;
			path = Attendance.xcdatamodeld;
			sourceTree = "<group>";
			versionGroupType = wrapper.xcdatamodel;
		};
/* End XCVersionGroup section */
	};
	rootObject = 35BAEDF823EB20210010CD58 /* Project object */;
}
