{
  "object": {
    "pins": [
      {
        "package": "SimpleHaptics",
        "repositoryURL": "https://github.com/hallee/simple-haptics",
        "state": {
          "branch": null,
          "revision": "8a8c8041e7e790e2fb8b1acc6a116de9cfd1b2a0",
          "version": "0.0.5"
        }
      },
      {
        "package": "Grid",
        "repositoryURL": "https://github.com/spacenation/swiftui-grid",
        "state": {
          "branch": null,
          "revision": "a3441f80bd01029507bc19e463e7c7208ffcf3f9",
          "version": "1.0.4"
        }
      },
      {
        "package": "SwiftUIPullToRefresh",
        "repositoryURL": "https://github.com/AppPear/SwiftUI-PullToRefresh",
        "state": {
          "branch": null,
          "revision": "5850f1ead6c4931015231bde26f38b9f543342aa",
          "version": "1.0.0"
        }
      }
    ]
  },
  "version": 1
}
