{
  "object": {
    "pins": [
      {
        "package": "DynamicColor",
        "repositoryURL": "https://github.com/yannickl/DynamicColor",
        "state": {
          "branch": null,
          "revision": "d9beca13ca85baa50ee29832d0db5129fba69630",
          "version": "5.0.1"
        }
      },
      {
        "package": "SimpleHaptics",
        "repositoryURL": "https://github.com/hallee/simple-haptics",
        "state": {
          "branch": null,
          "revision": "8a8c8041e7e790e2fb8b1acc6a116de9cfd1b2a0",
          "version": "0.0.5"
        }
      },
      {
        "package": "SwiftUICam",
        "repositoryURL": "https://github.com/pierreveron/SwiftUICam",
        "state": {
          "branch": "master",
          "revision": "6e85adae49b26d734bf3810b6d237d2688cc976a",
          "version": null
        }
      }
    ]
  },
  "version": 1
}
